github.com/gorilla/mux v1.8.0 h1:i40aqfkR1h2SlN9hojwV5ZA91wcXFOvkdNIeFDP5koI=
github.com/gorilla/mux v1.8.0/go.mod h1:DVbg23sWSpFRCP0SfiEN6jmj59UnW/n46BH5rLB71So=
go.uber.org/multierr v1.11.0 h1:blXXJkSxSSfBVBlC76pxqeO+LN3aDfLQo+309xJstO0=
go.uber.org/multierr v1.11.0/go.mod h1:20+QtiLqy0Nd6FdQB9TLXag12DsQkrbs3htMFfDN80Y=
go.uber.org/zap v1.25.0 h1:4Hvk6GtkucQ790dqmj7l1eEnRdKm3k3ZUrUMS2d5+5c=
go.uber.org/zap v1.25.0/go.mod h1:JIAUzQIH94IC4fOJQm7gMmBJP5k7wQfdcnYdPoEXJYk=
golang.org/x/oauth2 v0.12.0 h1:smVPGxink+n1ZI5pkQa8y6fZT0RW0MgCO5bFpepy4B4=
golang.org/x/oauth2 v0.12.0/go.mod h1:A74bZ3aGXgCY0qaIC9Ahg6Lglin4AMAco8cIv9baba4=
